// !$*UTF8*$!
{
	archiveVersion = 1;
	classes = {
	};
	objectVersion = 52;
	objects = {

/* Begin PBXBuildFile section */
		0A2B90502460CC8100BABD68 /* VerticalCardSwiper in Frameworks */ = {isa = PBXBuildFile; productRef = 0A2B904F2460CC8100BABD68 /* VerticalCardSwiper */; };
		0A38BD3024639E3300BBA85E /* UIViewController.swift in Sources */ = {isa = PBXBuildFile; fileRef = 0A38BD2F24639E3300BBA85E /* UIViewController.swift */; };
		0A38BD322463A6C100BBA85E /* LoadingView.swift in Sources */ = {isa = PBXBuildFile; fileRef = 0A38BD312463A6C100BBA85E /* LoadingView.swift */; };
		0A38BD342463BB8000BBA85E /* Album.swift in Sources */ = {isa = PBXBuildFile; fileRef = 0A38BD332463BB8000BBA85E /* Album.swift */; };
		0A3B4354245BC7B00025D735 /* View.swift in Sources */ = {isa = PBXBuildFile; fileRef = 0A3B4353245BC7B00025D735 /* View.swift */; };
		0A492E9D2455484900524478 /* AppDelegate.swift in Sources */ = {isa = PBXBuildFile; fileRef = 0A492E9C2455484900524478 /* AppDelegate.swift */; };
		0A492E9F2455484900524478 /* SceneDelegate.swift in Sources */ = {isa = PBXBuildFile; fileRef = 0A492E9E2455484900524478 /* SceneDelegate.swift */; };
		0A492EA12455484900524478 /* MainVC.swift in Sources */ = {isa = PBXBuildFile; fileRef = 0A492EA02455484900524478 /* MainVC.swift */; };
		0A492EA42455484900524478 /* Main.storyboard in Resources */ = {isa = PBXBuildFile; fileRef = 0A492EA22455484900524478 /* Main.storyboard */; };
		0A492EA62455484D00524478 /* Assets.xcassets in Resources */ = {isa = PBXBuildFile; fileRef = 0A492EA52455484D00524478 /* Assets.xcassets */; };
		0A492EA92455484D00524478 /* LaunchScreen.storyboard in Resources */ = {isa = PBXBuildFile; fileRef = 0A492EA72455484D00524478 /* LaunchScreen.storyboard */; };
		0A492EB724554AFD00524478 /* PhotoCardCell.xib in Resources */ = {isa = PBXBuildFile; fileRef = 0A492EB624554AFD00524478 /* PhotoCardCell.xib */; };
		0A492EB924554BA300524478 /* PhotoCardCell.swift in Sources */ = {isa = PBXBuildFile; fileRef = 0A492EB824554BA300524478 /* PhotoCardCell.swift */; };
		0A78CF9424666FB400D90A99 /* AddToView.swift in Sources */ = {isa = PBXBuildFile; fileRef = 0A78CF9324666FB400D90A99 /* AddToView.swift */; };
		0A92ECDA245E3C0A00A95E41 /* Photo.swift in Sources */ = {isa = PBXBuildFile; fileRef = 0A92ECD9245E3C0A00A95E41 /* Photo.swift */; };
		0A92ECDC245E511B00A95E41 /* UIImage.swift in Sources */ = {isa = PBXBuildFile; fileRef = 0A92ECDB245E511B00A95E41 /* UIImage.swift */; };
		0A92ECDE245E5AE700A95E41 /* CGSize.swift in Sources */ = {isa = PBXBuildFile; fileRef = 0A92ECDD245E5AE700A95E41 /* CGSize.swift */; };
		0A92ECFE245E76CF00A95E41 /* Toucan.swift in Sources */ = {isa = PBXBuildFile; fileRef = 0A92ECFD245E76CE00A95E41 /* Toucan.swift */; };
		0AC81AAA2458F4B900A077D3 /* PHHelper.swift in Sources */ = {isa = PBXBuildFile; fileRef = 0AC81AA92458F4B900A077D3 /* PHHelper.swift */; };
		0AC81AAC2459022A00A077D3 /* UIView.swift in Sources */ = {isa = PBXBuildFile; fileRef = 0AC81AAB2459022A00A077D3 /* UIView.swift */; };
		0ADBA619246A40430018E0C1 /* UIFont.swift in Sources */ = {isa = PBXBuildFile; fileRef = 0ADBA618246A40430018E0C1 /* UIFont.swift */; };
		0ADBA61B246A434E0018E0C1 /* ActionView.swift in Sources */ = {isa = PBXBuildFile; fileRef = 0ADBA61A246A434E0018E0C1 /* ActionView.swift */; };
		0ADBA61D246B94EE0018E0C1 /* SwipeVC.swift in Sources */ = {isa = PBXBuildFile; fileRef = 0ADBA61C246B94EE0018E0C1 /* SwipeVC.swift */; };
		0ADBA61F246B98170018E0C1 /* CardCell.swift in Sources */ = {isa = PBXBuildFile; fileRef = 0ADBA61E246B98170018E0C1 /* CardCell.swift */; };
		0AF3B6142460F64700235600 /* PHAsset.swift in Sources */ = {isa = PBXBuildFile; fileRef = 0AF3B6132460F64700235600 /* PHAsset.swift */; };
/* End PBXBuildFile section */

/* Begin PBXFileReference section */
		0A38BD2F24639E3300BBA85E /* UIViewController.swift */ = {isa = PBXFileReference; fileEncoding = 4; lastKnownFileType = sourcecode.swift; path = UIViewController.swift; sourceTree = "<group>"; };
		0A38BD312463A6C100BBA85E /* LoadingView.swift */ = {isa = PBXFileReference; lastKnownFileType = sourcecode.swift; path = LoadingView.swift; sourceTree = "<group>"; };
		0A38BD332463BB8000BBA85E /* Album.swift */ = {isa = PBXFileReference; lastKnownFileType = sourcecode.swift; path = Album.swift; sourceTree = "<group>"; };
		0A3B4353245BC7B00025D735 /* View.swift */ = {isa = PBXFileReference; lastKnownFileType = sourcecode.swift; path = View.swift; sourceTree = "<group>"; };
		0A492E992455484900524478 /* SwipeToOrganize.app */ = {isa = PBXFileReference; explicitFileType = wrapper.application; includeInIndex = 0; path = SwipeToOrganize.app; sourceTree = BUILT_PRODUCTS_DIR; };
		0A492E9C2455484900524478 /* AppDelegate.swift */ = {isa = PBXFileReference; lastKnownFileType = sourcecode.swift; path = AppDelegate.swift; sourceTree = "<group>"; };
		0A492E9E2455484900524478 /* SceneDelegate.swift */ = {isa = PBXFileReference; lastKnownFileType = sourcecode.swift; path = SceneDelegate.swift; sourceTree = "<group>"; };
		0A492EA02455484900524478 /* MainVC.swift */ = {isa = PBXFileReference; lastKnownFileType = sourcecode.swift; path = MainVC.swift; sourceTree = "<group>"; };
		0A492EA32455484900524478 /* Base */ = {isa = PBXFileReference; lastKnownFileType = file.storyboard; name = Base; path = Base.lproj/Main.storyboard; sourceTree = "<group>"; };
		0A492EA52455484D00524478 /* Assets.xcassets */ = {isa = PBXFileReference; lastKnownFileType = folder.assetcatalog; path = Assets.xcassets; sourceTree = "<group>"; };
		0A492EA82455484D00524478 /* Base */ = {isa = PBXFileReference; lastKnownFileType = file.storyboard; name = Base; path = Base.lproj/LaunchScreen.storyboard; sourceTree = "<group>"; };
		0A492EAA2455484D00524478 /* Info.plist */ = {isa = PBXFileReference; lastKnownFileType = text.plist.xml; path = Info.plist; sourceTree = "<group>"; };
		0A492EB624554AFD00524478 /* PhotoCardCell.xib */ = {isa = PBXFileReference; lastKnownFileType = file.xib; path = PhotoCardCell.xib; sourceTree = "<group>"; };
		0A492EB824554BA300524478 /* PhotoCardCell.swift */ = {isa = PBXFileReference; lastKnownFileType = sourcecode.swift; path = PhotoCardCell.swift; sourceTree = "<group>"; };
		0A78CF9324666FB400D90A99 /* AddToView.swift */ = {isa = PBXFileReference; lastKnownFileType = sourcecode.swift; path = AddToView.swift; sourceTree = "<group>"; };
		0A92ECD9245E3C0A00A95E41 /* Photo.swift */ = {isa = PBXFileReference; lastKnownFileType = sourcecode.swift; path = Photo.swift; sourceTree = "<group>"; };
		0A92ECDB245E511B00A95E41 /* UIImage.swift */ = {isa = PBXFileReference; lastKnownFileType = sourcecode.swift; path = UIImage.swift; sourceTree = "<group>"; };
		0A92ECDD245E5AE700A95E41 /* CGSize.swift */ = {isa = PBXFileReference; lastKnownFileType = sourcecode.swift; path = CGSize.swift; sourceTree = "<group>"; };
		0A92ECFD245E76CE00A95E41 /* Toucan.swift */ = {isa = PBXFileReference; fileEncoding = 4; lastKnownFileType = sourcecode.swift; path = Toucan.swift; sourceTree = "<group>"; };
		0AC81AA92458F4B900A077D3 /* PHHelper.swift */ = {isa = PBXFileReference; lastKnownFileType = sourcecode.swift; path = PHHelper.swift; sourceTree = "<group>"; };
		0AC81AAB2459022A00A077D3 /* UIView.swift */ = {isa = PBXFileReference; lastKnownFileType = sourcecode.swift; path = UIView.swift; sourceTree = "<group>"; };
		0ADBA618246A40430018E0C1 /* UIFont.swift */ = {isa = PBXFileReference; lastKnownFileType = sourcecode.swift; path = UIFont.swift; sourceTree = "<group>"; };
		0ADBA61A246A434E0018E0C1 /* ActionView.swift */ = {isa = PBXFileReference; lastKnownFileType = sourcecode.swift; path = ActionView.swift; sourceTree = "<group>"; };
		0ADBA61C246B94EE0018E0C1 /* SwipeVC.swift */ = {isa = PBXFileReference; lastKnownFileType = sourcecode.swift; path = SwipeVC.swift; sourceTree = "<group>"; };
		0ADBA61E246B98170018E0C1 /* CardCell.swift */ = {isa = PBXFileReference; lastKnownFileType = sourcecode.swift; path = CardCell.swift; sourceTree = "<group>"; };
		0AF3B6132460F64700235600 /* PHAsset.swift */ = {isa = PBXFileReference; lastKnownFileType = sourcecode.swift; path = PHAsset.swift; sourceTree = "<group>"; };
/* End PBXFileReference section */

/* Begin PBXFrameworksBuildPhase section */
		0A492E962455484900524478 /* Frameworks */ = {
			isa = PBXFrameworksBuildPhase;
			buildActionMask = 2147483647;
			files = (
				0A2B90502460CC8100BABD68 /* VerticalCardSwiper in Frameworks */,
			);
			runOnlyForDeploymentPostprocessing = 0;
		};
/* End PBXFrameworksBuildPhase section */

/* Begin PBXGroup section */
		0A3B4359245BC7F50025D735 /* Extensions */ = {
			isa = PBXGroup;
			children = (
				0A38BD2F24639E3300BBA85E /* UIViewController.swift */,
				0AC81AAB2459022A00A077D3 /* UIView.swift */,
				0A92ECDB245E511B00A95E41 /* UIImage.swift */,
				0A92ECDD245E5AE700A95E41 /* CGSize.swift */,
				0AF3B6132460F64700235600 /* PHAsset.swift */,
				0ADBA618246A40430018E0C1 /* UIFont.swift */,
			);
			path = Extensions;
			sourceTree = "<group>";
		};
		0A3B435A245BC8820025D735 /* Custom Views */ = {
			isa = PBXGroup;
			children = (
				0A38BD312463A6C100BBA85E /* LoadingView.swift */,
				0A3B4353245BC7B00025D735 /* View.swift */,
			);
			path = "Custom Views";
			sourceTree = "<group>";
		};
		0A492E902455484900524478 = {
			isa = PBXGroup;
			children = (
				0A492E9B2455484900524478 /* SwipeToOrganize */,
				0A92ECFD245E76CE00A95E41 /* Toucan.swift */,
				0A492E9A2455484900524478 /* Products */,
			);
			sourceTree = "<group>";
		};
		0A492E9A2455484900524478 /* Products */ = {
			isa = PBXGroup;
			children = (
				0A492E992455484900524478 /* SwipeToOrganize.app */,
			);
			name = Products;
			sourceTree = "<group>";
		};
		0A492E9B2455484900524478 /* SwipeToOrganize */ = {
			isa = PBXGroup;
			children = (
				0A492EB4245548BD00524478 /* Core */,
				0A492EB3245548B300524478 /* User Interface */,
				0A492EB5245548C400524478 /* Main */,
			);
			path = SwipeToOrganize;
			sourceTree = "<group>";
		};
		0A492EB3245548B300524478 /* User Interface */ = {
			isa = PBXGroup;
			children = (
				0A492EA72455484D00524478 /* LaunchScreen.storyboard */,
				0A492EA22455484900524478 /* Main.storyboard */,
				0A492EA52455484D00524478 /* Assets.xcassets */,
			);
			path = "User Interface";
			sourceTree = "<group>";
		};
		0A492EB4245548BD00524478 /* Core */ = {
			isa = PBXGroup;
			children = (
				0A492E9C2455484900524478 /* AppDelegate.swift */,
				0A492E9E2455484900524478 /* SceneDelegate.swift */,
				0A492EAA2455484D00524478 /* Info.plist */,
				0A3B4359245BC7F50025D735 /* Extensions */,
				0A3B435A245BC8820025D735 /* Custom Views */,
			);
			path = Core;
			sourceTree = "<group>";
		};
		0A492EB5245548C400524478 /* Main */ = {
			isa = PBXGroup;
			children = (
				0A7B7D7824554D530079625C /* View Controllers */,
				0A92ECD8245E3BEC00A95E41 /* Photos Helper */,
				0A7B7D7924554D5C0079625C /* Cards */,
			);
			path = Main;
			sourceTree = "<group>";
		};
		0A492EBA24554BAC00524478 /* PhotoCardCell */ = {
			isa = PBXGroup;
			children = (
				0A492EB824554BA300524478 /* PhotoCardCell.swift */,
				0A492EB624554AFD00524478 /* PhotoCardCell.xib */,
			);
			path = PhotoCardCell;
			sourceTree = "<group>";
		};
		0A7B7D7824554D530079625C /* View Controllers */ = {
			isa = PBXGroup;
			children = (
				0A492EA02455484900524478 /* MainVC.swift */,
				0ADBA61C246B94EE0018E0C1 /* SwipeVC.swift */,
				0A78CF9324666FB400D90A99 /* AddToView.swift */,
				0ADBA61A246A434E0018E0C1 /* ActionView.swift */,
			);
			path = "View Controllers";
			sourceTree = "<group>";
		};
		0A7B7D7924554D5C0079625C /* Cards */ = {
			isa = PBXGroup;
			children = (
				0A492EBA24554BAC00524478 /* PhotoCardCell */,
				0ADBA61E246B98170018E0C1 /* CardCell.swift */,
			);
			path = Cards;
			sourceTree = "<group>";
		};
		0A92ECD8245E3BEC00A95E41 /* Photos Helper */ = {
			isa = PBXGroup;
			children = (
				0AC81AA92458F4B900A077D3 /* PHHelper.swift */,
				0A38BD332463BB8000BBA85E /* Album.swift */,
				0A92ECD9245E3C0A00A95E41 /* Photo.swift */,
			);
			path = "Photos Helper";
			sourceTree = "<group>";
		};
/* End PBXGroup section */

/* Begin PBXNativeTarget section */
		0A492E982455484900524478 /* SwipeToOrganize */ = {
			isa = PBXNativeTarget;
			buildConfigurationList = 0A492EAD2455484D00524478 /* Build configuration list for PBXNativeTarget "SwipeToOrganize" */;
			buildPhases = (
				0A492E952455484900524478 /* Sources */,
				0A492E962455484900524478 /* Frameworks */,
				0A492E972455484900524478 /* Resources */,
			);
			buildRules = (
			);
			dependencies = (
			);
			name = SwipeToOrganize;
			packageProductDependencies = (
				0A2B904F2460CC8100BABD68 /* VerticalCardSwiper */,
			);
			productName = SwipeToOrganize;
			productReference = 0A492E992455484900524478 /* SwipeToOrganize.app */;
			productType = "com.apple.product-type.application";
		};
/* End PBXNativeTarget section */

/* Begin PBXProject section */
		0A492E912455484900524478 /* Project object */ = {
			isa = PBXProject;
			attributes = {
				LastSwiftUpdateCheck = 1130;
				LastUpgradeCheck = 1130;
				ORGANIZATIONNAME = "Alexander Lester";
				TargetAttributes = {
					0A492E982455484900524478 = {
						CreatedOnToolsVersion = 11.3.1;
					};
				};
			};
			buildConfigurationList = 0A492E942455484900524478 /* Build configuration list for PBXProject "SwipeToOrganize" */;
			compatibilityVersion = "Xcode 9.3";
			developmentRegion = en;
			hasScannedForEncodings = 0;
			knownRegions = (
				en,
				Base,
			);
			mainGroup = 0A492E902455484900524478;
			packageReferences = (
				0A2B904E2460CC8100BABD68 /* XCRemoteSwiftPackageReference "VerticalCardSwiper" */,
			);
			productRefGroup = 0A492E9A2455484900524478 /* Products */;
			projectDirPath = "";
			projectRoot = "";
			targets = (
				0A492E982455484900524478 /* SwipeToOrganize */,
			);
		};
/* End PBXProject section */

/* Begin PBXResourcesBuildPhase section */
		0A492E972455484900524478 /* Resources */ = {
			isa = PBXResourcesBuildPhase;
			buildActionMask = 2147483647;
			files = (
				0A492EA92455484D00524478 /* LaunchScreen.storyboard in Resources */,
				0A492EA62455484D00524478 /* Assets.xcassets in Resources */,
				0A492EB724554AFD00524478 /* PhotoCardCell.xib in Resources */,
				0A492EA42455484900524478 /* Main.storyboard in Resources */,
			);
			runOnlyForDeploymentPostprocessing = 0;
		};
/* End PBXResourcesBuildPhase section */

/* Begin PBXSourcesBuildPhase section */
		0A492E952455484900524478 /* Sources */ = {
			isa = PBXSourcesBuildPhase;
			buildActionMask = 2147483647;
			files = (
				0AF3B6142460F64700235600 /* PHAsset.swift in Sources */,
				0ADBA619246A40430018E0C1 /* UIFont.swift in Sources */,
				0A492EA12455484900524478 /* MainVC.swift in Sources */,
				0A92ECDC245E511B00A95E41 /* UIImage.swift in Sources */,
				0ADBA61D246B94EE0018E0C1 /* SwipeVC.swift in Sources */,
				0AC81AAC2459022A00A077D3 /* UIView.swift in Sources */,
				0A492E9D2455484900524478 /* AppDelegate.swift in Sources */,
				0A38BD322463A6C100BBA85E /* LoadingView.swift in Sources */,
				0A78CF9424666FB400D90A99 /* AddToView.swift in Sources */,
				0A38BD342463BB8000BBA85E /* Album.swift in Sources */,
				0A92ECDE245E5AE700A95E41 /* CGSize.swift in Sources */,
				0AC81AAA2458F4B900A077D3 /* PHHelper.swift in Sources */,
				0A38BD3024639E3300BBA85E /* UIViewController.swift in Sources */,
				0ADBA61B246A434E0018E0C1 /* ActionView.swift in Sources */,
				0A492EB924554BA300524478 /* PhotoCardCell.swift in Sources */,
				0ADBA61F246B98170018E0C1 /* CardCell.swift in Sources */,
				0A3B4354245BC7B00025D735 /* View.swift in Sources */,
				0A92ECDA245E3C0A00A95E41 /* Photo.swift in Sources */,
				0A492E9F2455484900524478 /* SceneDelegate.swift in Sources */,
				0A92ECFE245E76CF00A95E41 /* Toucan.swift in Sources */,
			);
			runOnlyForDeploymentPostprocessing = 0;
		};
/* End PBXSourcesBuildPhase section */

/* Begin PBXVariantGroup section */
		0A492EA22455484900524478 /* Main.storyboard */ = {
			isa = PBXVariantGroup;
			children = (
				0A492EA32455484900524478 /* Base */,
			);
			name = Main.storyboard;
			sourceTree = "<group>";
		};
		0A492EA72455484D00524478 /* LaunchScreen.storyboard */ = {
			isa = PBXVariantGroup;
			children = (
				0A492EA82455484D00524478 /* Base */,
			);
			name = LaunchScreen.storyboard;
			sourceTree = "<group>";
		};
/* End PBXVariantGroup section */

/* Begin XCBuildConfiguration section */
		0A492EAB2455484D00524478 /* Debug */ = {
			isa = XCBuildConfiguration;
			buildSettings = {
				ALWAYS_SEARCH_USER_PATHS = NO;
				CLANG_ANALYZER_NONNULL = YES;
				CLANG_ANALYZER_NUMBER_OBJECT_CONVERSION = YES_AGGRESSIVE;
				CLANG_CXX_LANGUAGE_STANDARD = "gnu++14";
				CLANG_CXX_LIBRARY = "libc++";
				CLANG_ENABLE_MODULES = YES;
				CLANG_ENABLE_OBJC_ARC = YES;
				CLANG_ENABLE_OBJC_WEAK = YES;
				CLANG_WARN_BLOCK_CAPTURE_AUTORELEASING = YES;
				CLANG_WARN_BOOL_CONVERSION = YES;
				CLANG_WARN_COMMA = YES;
				CLANG_WARN_CONSTANT_CONVERSION = YES;
				CLANG_WARN_DEPRECATED_OBJC_IMPLEMENTATIONS = YES;
				CLANG_WARN_DIRECT_OBJC_ISA_USAGE = YES_ERROR;
				CLANG_WARN_DOCUMENTATION_COMMENTS = YES;
				CLANG_WARN_EMPTY_BODY = YES;
				CLANG_WARN_ENUM_CONVERSION = YES;
				CLANG_WARN_INFINITE_RECURSION = YES;
				CLANG_WARN_INT_CONVERSION = YES;
				CLANG_WARN_NON_LITERAL_NULL_CONVERSION = YES;
				CLANG_WARN_OBJC_IMPLICIT_RETAIN_SELF = YES;
				CLANG_WARN_OBJC_LITERAL_CONVERSION = YES;
				CLANG_WARN_OBJC_ROOT_CLASS = YES_ERROR;
				CLANG_WARN_RANGE_LOOP_ANALYSIS = YES;
				CLANG_WARN_STRICT_PROTOTYPES = YES;
				CLANG_WARN_SUSPICIOUS_MOVE = YES;
				CLANG_WARN_UNGUARDED_AVAILABILITY = YES_AGGRESSIVE;
				CLANG_WARN_UNREACHABLE_CODE = YES;
				CLANG_WARN__DUPLICATE_METHOD_MATCH = YES;
				COPY_PHASE_STRIP = NO;
				DEBUG_INFORMATION_FORMAT = dwarf;
				ENABLE_STRICT_OBJC_MSGSEND = YES;
				ENABLE_TESTABILITY = YES;
				GCC_C_LANGUAGE_STANDARD = gnu11;
				GCC_DYNAMIC_NO_PIC = NO;
				GCC_NO_COMMON_BLOCKS = YES;
				GCC_OPTIMIZATION_LEVEL = 0;
				GCC_PREPROCESSOR_DEFINITIONS = (
					"DEBUG=1",
					"$(inherited)",
				);
				GCC_WARN_64_TO_32_BIT_CONVERSION = YES;
				GCC_WARN_ABOUT_RETURN_TYPE = YES_ERROR;
				GCC_WARN_UNDECLARED_SELECTOR = YES;
				GCC_WARN_UNINITIALIZED_AUTOS = YES_AGGRESSIVE;
				GCC_WARN_UNUSED_FUNCTION = YES;
				GCC_WARN_UNUSED_VARIABLE = YES;
				IPHONEOS_DEPLOYMENT_TARGET = 13.2;
				MTL_ENABLE_DEBUG_INFO = INCLUDE_SOURCE;
				MTL_FAST_MATH = YES;
				ONLY_ACTIVE_ARCH = YES;
				SDKROOT = iphoneos;
				SWIFT_ACTIVE_COMPILATION_CONDITIONS = DEBUG;
				SWIFT_OPTIMIZATION_LEVEL = "-Onone";
			};
			name = Debug;
		};
		0A492EAC2455484D00524478 /* Release */ = {
			isa = XCBuildConfiguration;
			buildSettings = {
				ALWAYS_SEARCH_USER_PATHS = NO;
				CLANG_ANALYZER_NONNULL = YES;
				CLANG_ANALYZER_NUMBER_OBJECT_CONVERSION = YES_AGGRESSIVE;
				CLANG_CXX_LANGUAGE_STANDARD = "gnu++14";
				CLANG_CXX_LIBRARY = "libc++";
				CLANG_ENABLE_MODULES = YES;
				CLANG_ENABLE_OBJC_ARC = YES;
				CLANG_ENABLE_OBJC_WEAK = YES;
				CLANG_WARN_BLOCK_CAPTURE_AUTORELEASING = YES;
				CLANG_WARN_BOOL_CONVERSION = YES;
				CLANG_WARN_COMMA = YES;
				CLANG_WARN_CONSTANT_CONVERSION = YES;
				CLANG_WARN_DEPRECATED_OBJC_IMPLEMENTATIONS = YES;
				CLANG_WARN_DIRECT_OBJC_ISA_USAGE = YES_ERROR;
				CLANG_WARN_DOCUMENTATION_COMMENTS = YES;
				CLANG_WARN_EMPTY_BODY = YES;
				CLANG_WARN_ENUM_CONVERSION = YES;
				CLANG_WARN_INFINITE_RECURSION = YES;
				CLANG_WARN_INT_CONVERSION = YES;
				CLANG_WARN_NON_LITERAL_NULL_CONVERSION = YES;
				CLANG_WARN_OBJC_IMPLICIT_RETAIN_SELF = YES;
				CLANG_WARN_OBJC_LITERAL_CONVERSION = YES;
				CLANG_WARN_OBJC_ROOT_CLASS = YES_ERROR;
				CLANG_WARN_RANGE_LOOP_ANALYSIS = YES;
				CLANG_WARN_STRICT_PROTOTYPES = YES;
				CLANG_WARN_SUSPICIOUS_MOVE = YES;
				CLANG_WARN_UNGUARDED_AVAILABILITY = YES_AGGRESSIVE;
				CLANG_WARN_UNREACHABLE_CODE = YES;
				CLANG_WARN__DUPLICATE_METHOD_MATCH = YES;
				COPY_PHASE_STRIP = NO;
				DEBUG_INFORMATION_FORMAT = "dwarf-with-dsym";
				ENABLE_NS_ASSERTIONS = NO;
				ENABLE_STRICT_OBJC_MSGSEND = YES;
				GCC_C_LANGUAGE_STANDARD = gnu11;
				GCC_NO_COMMON_BLOCKS = YES;
				GCC_WARN_64_TO_32_BIT_CONVERSION = YES;
				GCC_WARN_ABOUT_RETURN_TYPE = YES_ERROR;
				GCC_WARN_UNDECLARED_SELECTOR = YES;
				GCC_WARN_UNINITIALIZED_AUTOS = YES_AGGRESSIVE;
				GCC_WARN_UNUSED_FUNCTION = YES;
				GCC_WARN_UNUSED_VARIABLE = YES;
				IPHONEOS_DEPLOYMENT_TARGET = 13.2;
				MTL_ENABLE_DEBUG_INFO = NO;
				MTL_FAST_MATH = YES;
				SDKROOT = iphoneos;
				SWIFT_COMPILATION_MODE = wholemodule;
				SWIFT_OPTIMIZATION_LEVEL = "-O";
				VALIDATE_PRODUCT = YES;
			};
			name = Release;
		};
		0A492EAE2455484D00524478 /* Debug */ = {
			isa = XCBuildConfiguration;
			buildSettings = {
				ASSETCATALOG_COMPILER_APPICON_NAME = AppIcon;
				CODE_SIGN_STYLE = Automatic;
				DEVELOPMENT_TEAM = VZ4LX93GR9;
				INFOPLIST_FILE = "$(SRCROOT)/SwipeToOrganize/Core/Info.plist";
				LD_RUNPATH_SEARCH_PATHS = (
					"$(inherited)",
					"@executable_path/Frameworks",
				);
				PRODUCT_BUNDLE_IDENTIFIER = com.deltavel.SwipeToOrganize;
				PRODUCT_NAME = "$(TARGET_NAME)";
				SWIFT_VERSION = 5.0;
				TARGETED_DEVICE_FAMILY = "1,2";
			};
			name = Debug;
		};
		0A492EAF2455484D00524478 /* Release */ = {
			isa = XCBuildConfiguration;
			buildSettings = {
				ASSETCATALOG_COMPILER_APPICON_NAME = AppIcon;
				CODE_SIGN_STYLE = Automatic;
				DEVELOPMENT_TEAM = VZ4LX93GR9;
				INFOPLIST_FILE = "$(SRCROOT)/SwipeToOrganize/Core/Info.plist";
				LD_RUNPATH_SEARCH_PATHS = (
					"$(inherited)",
					"@executable_path/Frameworks",
				);
				PRODUCT_BUNDLE_IDENTIFIER = com.deltavel.SwipeToOrganize;
				PRODUCT_NAME = "$(TARGET_NAME)";
				SWIFT_VERSION = 5.0;
				TARGETED_DEVICE_FAMILY = "1,2";
			};
			name = Release;
		};
/* End XCBuildConfiguration section */

/* Begin XCConfigurationList section */
		0A492E942455484900524478 /* Build configuration list for PBXProject "SwipeToOrganize" */ = {
			isa = XCConfigurationList;
			buildConfigurations = (
				0A492EAB2455484D00524478 /* Debug */,
				0A492EAC2455484D00524478 /* Release */,
			);
			defaultConfigurationIsVisible = 0;
			defaultConfigurationName = Release;
		};
		0A492EAD2455484D00524478 /* Build configuration list for PBXNativeTarget "SwipeToOrganize" */ = {
			isa = XCConfigurationList;
			buildConfigurations = (
				0A492EAE2455484D00524478 /* Debug */,
				0A492EAF2455484D00524478 /* Release */,
			);
			defaultConfigurationIsVisible = 0;
			defaultConfigurationName = Release;
		};
/* End XCConfigurationList section */

/* Begin XCRemoteSwiftPackageReference section */
		0A2B904E2460CC8100BABD68 /* XCRemoteSwiftPackageReference "VerticalCardSwiper" */ = {
			isa = XCRemoteSwiftPackageReference;
			repositoryURL = "https://github.com/JoniVR/VerticalCardSwiper";
			requirement = {
				kind = upToNextMajorVersion;
				minimumVersion = 2.2.0;
			};
		};
/* End XCRemoteSwiftPackageReference section */

/* Begin XCSwiftPackageProductDependency section */
		0A2B904F2460CC8100BABD68 /* VerticalCardSwiper */ = {
			isa = XCSwiftPackageProductDependency;
			package = 0A2B904E2460CC8100BABD68 /* XCRemoteSwiftPackageReference "VerticalCardSwiper" */;
			productName = VerticalCardSwiper;
		};
/* End XCSwiftPackageProductDependency section */
	};
	rootObject = 0A492E912455484900524478 /* Project object */;
}
